
Microsoft Visual Studio Solution File, Format Version 12.00
# Visual Studio Version 17
VisualStudioVersion = 17.6.33829.357
MinimumVisualStudioVersion = 10.0.40219.1
Project("{FAE04EC0-301F-11D3-BF4B-00C04F79EFBC}") = "final student1", "final student1\final student1.csproj", "{9ACA7DFC-6247-4CBD-9FCA-89C10E0DFA9D}"
EndProject
Global
	GlobalSection(SolutionConfigurationPlatforms) = preSolution
		Debug|Any CPU = Debug|Any CPU
		Release|Any CPU = Release|Any CPU
	EndGlobalSection
	GlobalSection(ProjectConfigurationPlatforms) = postSolution
		{9ACA7DFC-6247-4CBD-9FCA-89C10E0DFA9D}.Debug|Any CPU.ActiveCfg = Debug|Any CPU
		{9ACA7DFC-6247-4CBD-9FCA-89C10E0DFA9D}.Debug|Any CPU.Build.0 = Debug|Any CPU
		{9ACA7DFC-6247-4CBD-9FCA-89C10E0DFA9D}.Release|Any CPU.ActiveCfg = Release|Any CPU
		{9ACA7DFC-6247-4CBD-9FCA-89C10E0DFA9D}.Release|Any CPU.Build.0 = Release|Any CPU
	EndGlobalSection
	GlobalSection(SolutionProperties) = preSolution
		HideSolutionNode = FALSE
	EndGlobalSection
	GlobalSection(ExtensibilityGlobals) = postSolution
		SolutionGuid = {EFC2CC55-5553-4B3D-88F1-10F2C1F82302}
	EndGlobalSection
EndGlobal
